// !$*UTF8*$!
{
	archiveVersion = 1;
	classes = {
	};
	objectVersion = 48;
	objects = {

/* Begin PBXBuildFile section */
		C31620AE1F50F575005A67A7 /* recurse.cc in Sources */ = {isa = PBXBuildFile; fileRef = C31620AC1F50F575005A67A7 /* recurse.cc */; };
		C322B18A1F88C265009B10F9 /* recursively.cc in Sources */ = {isa = PBXBuildFile; fileRef = C322B1891F88C265009B10F9 /* recursively.cc */; };
		C33131401F23D0680031B4BD /* swap.cc in Sources */ = {isa = PBXBuildFile; fileRef = C331313F1F23D0680031B4BD /* swap.cc */; };
		C331314E1F23D0AD0031B4BD /* architecture_info.cc in Sources */ = {isa = PBXBuildFile; fileRef = C331314D1F23D0AD0031B4BD /* architecture_info.cc */; };
		C33CE0C11F33423000E738EA /* cputype.cc in Sources */ = {isa = PBXBuildFile; fileRef = C33CE0BA1F33423000E738EA /* cputype.cc */; };
		C33DD9441F79C924003C1FFC /* tbd.cc in Sources */ = {isa = PBXBuildFile; fileRef = C33DD9431F79C924003C1FFC /* tbd.cc */; };
		C34E38BA1F93DE630078F554 /* path.cc in Sources */ = {isa = PBXBuildFile; fileRef = C34E38B91F93DE620078F554 /* path.cc */; };
		C3A8A7CF1F93ED99001510A2 /* string.cc in Sources */ = {isa = PBXBuildFile; fileRef = C3A8A7CD1F93ED99001510A2 /* string.cc */; };
		C3BA3CA81F131AC30049C652 /* main.cc in Sources */ = {isa = PBXBuildFile; fileRef = C3BA3CA71F131AC30049C652 /* main.cc */; };
		C3BA3CAD1F131AD00049C652 /* container.cc in Sources */ = {isa = PBXBuildFile; fileRef = C3BA3CA91F131AD00049C652 /* container.cc */; };
		C3BA3CAE1F131AD00049C652 /* file.cc in Sources */ = {isa = PBXBuildFile; fileRef = C3BA3CAB1F131AD00049C652 /* file.cc */; };
		C3E4A8A41F801EAC00A6A4E4 /* bits.cc in Sources */ = {isa = PBXBuildFile; fileRef = C3E4A8A31F801EAC00A6A4E4 /* bits.cc */; };
/* End PBXBuildFile section */

/* Begin PBXCopyFilesBuildPhase section */
		C32A7A9D1F10E5DA000BF14E /* CopyFiles */ = {
			isa = PBXCopyFilesBuildPhase;
			buildActionMask = 2147483647;
			dstPath = /usr/share/man/man1/;
			dstSubfolderSpec = 0;
			files = (
			);
			runOnlyForDeploymentPostprocessing = 1;
		};
/* End PBXCopyFilesBuildPhase section */

/* Begin PBXFileReference section */
		C31620AC1F50F575005A67A7 /* recurse.cc */ = {isa = PBXFileReference; lastKnownFileType = sourcecode.cpp.cpp; name = recurse.cc; path = ../../src/misc/recurse.cc; sourceTree = "<group>"; };
		C31620AD1F50F575005A67A7 /* recurse.h */ = {isa = PBXFileReference; lastKnownFileType = sourcecode.c.h; name = recurse.h; path = ../../src/misc/recurse.h; sourceTree = "<group>"; };
		C322B1891F88C265009B10F9 /* recursively.cc */ = {isa = PBXFileReference; lastKnownFileType = sourcecode.cpp.cpp; name = recursively.cc; path = ../../src/misc/recursively.cc; sourceTree = "<group>"; };
		C322B18B1F88C270009B10F9 /* recursively.h */ = {isa = PBXFileReference; lastKnownFileType = sourcecode.c.h; name = recursively.h; path = ../../src/misc/recursively.h; sourceTree = "<group>"; };
		C32A7A9F1F10E5DA000BF14E /* tbd */ = {isa = PBXFileReference; explicitFileType = "compiled.mach-o.executable"; includeInIndex = 0; path = tbd; sourceTree = BUILT_PRODUCTS_DIR; };
		C331313E1F23D0680031B4BD /* swap.h */ = {isa = PBXFileReference; fileEncoding = 4; lastKnownFileType = sourcecode.c.h; name = swap.h; path = "../../src/mach-o/swap.h"; sourceTree = "<group>"; };
		C331313F1F23D0680031B4BD /* swap.cc */ = {isa = PBXFileReference; fileEncoding = 4; lastKnownFileType = sourcecode.cpp.cpp; name = swap.cc; path = "../../src/mach-o/swap.cc"; sourceTree = "<group>"; };
		C331314C1F23D0AD0031B4BD /* architecture_info.h */ = {isa = PBXFileReference; fileEncoding = 4; lastKnownFileType = sourcecode.c.h; name = architecture_info.h; path = "../../src/mach-o/architecture_info.h"; sourceTree = "<group>"; };
		C331314D1F23D0AD0031B4BD /* architecture_info.cc */ = {isa = PBXFileReference; fileEncoding = 4; lastKnownFileType = sourcecode.cpp.cpp; name = architecture_info.cc; path = "../../src/mach-o/architecture_info.cc"; sourceTree = "<group>"; };
		C33CE0B91F33423000E738EA /* load_commands.h */ = {isa = PBXFileReference; fileEncoding = 4; lastKnownFileType = sourcecode.c.h; name = load_commands.h; path = "../../src/mach-o/headers/load_commands.h"; sourceTree = "<group>"; };
		C33CE0BA1F33423000E738EA /* cputype.cc */ = {isa = PBXFileReference; fileEncoding = 4; lastKnownFileType = sourcecode.cpp.cpp; name = cputype.cc; path = "../../src/mach-o/headers/cputype.cc"; sourceTree = "<group>"; };
		C33CE0BB1F33423000E738EA /* symbol_table.h */ = {isa = PBXFileReference; fileEncoding = 4; lastKnownFileType = sourcecode.c.h; name = symbol_table.h; path = "../../src/mach-o/headers/symbol_table.h"; sourceTree = "<group>"; };
		C33CE0BC1F33423000E738EA /* filetype.h */ = {isa = PBXFileReference; fileEncoding = 4; lastKnownFileType = sourcecode.c.h; name = filetype.h; path = "../../src/mach-o/headers/filetype.h"; sourceTree = "<group>"; };
		C33CE0BD1F33423000E738EA /* architecture.h */ = {isa = PBXFileReference; fileEncoding = 4; lastKnownFileType = sourcecode.c.h; name = architecture.h; path = "../../src/mach-o/headers/architecture.h"; sourceTree = "<group>"; };
		C33CE0BE1F33423000E738EA /* magic.h */ = {isa = PBXFileReference; fileEncoding = 4; lastKnownFileType = sourcecode.c.h; name = magic.h; path = "../../src/mach-o/headers/magic.h"; sourceTree = "<group>"; };
		C33CE0BF1F33423000E738EA /* cputype.h */ = {isa = PBXFileReference; fileEncoding = 4; lastKnownFileType = sourcecode.c.h; name = cputype.h; path = "../../src/mach-o/headers/cputype.h"; sourceTree = "<group>"; };
		C33CE0C01F33423000E738EA /* header.h */ = {isa = PBXFileReference; fileEncoding = 4; lastKnownFileType = sourcecode.c.h; name = header.h; path = "../../src/mach-o/headers/header.h"; sourceTree = "<group>"; };
		C33CE0C21F3342E000E738EA /* build.h */ = {isa = PBXFileReference; lastKnownFileType = sourcecode.c.h; name = build.h; path = "../../src/mach-o/headers/build.h"; sourceTree = "<group>"; };
		C33DD9431F79C924003C1FFC /* tbd.cc */ = {isa = PBXFileReference; lastKnownFileType = sourcecode.cpp.cpp; name = tbd.cc; path = "../../src/mach-o/utils/tbd/tbd.cc"; sourceTree = "<group>"; };
		C33DD9451F79C934003C1FFC /* tbd.h */ = {isa = PBXFileReference; lastKnownFileType = sourcecode.c.h; name = tbd.h; path = "../../src/mach-o/utils/tbd/tbd.h"; sourceTree = "<group>"; };
		C34E38B91F93DE620078F554 /* path.cc */ = {isa = PBXFileReference; lastKnownFileType = sourcecode.cpp.cpp; name = path.cc; path = ../../src/utils/path.cc; sourceTree = "<group>"; };
		C34E38BB1F93DE6C0078F554 /* path.h */ = {isa = PBXFileReference; lastKnownFileType = sourcecode.c.h; name = path.h; path = ../../src/utils/path.h; sourceTree = "<group>"; };
		C38254B51F93CD820084CFCE /* Makefile */ = {isa = PBXFileReference; lastKnownFileType = sourcecode.make; name = Makefile; path = ../../Makefile; sourceTree = "<group>"; };
		C3A45E4E1F804E4800FC649E /* compile_commands.json */ = {isa = PBXFileReference; lastKnownFileType = text.json; name = compile_commands.json; path = ../../compile_commands.json; sourceTree = "<group>"; };
		C3A8A7CD1F93ED99001510A2 /* string.cc */ = {isa = PBXFileReference; lastKnownFileType = sourcecode.cpp.cpp; name = string.cc; path = ../../src/utils/string.cc; sourceTree = "<group>"; };
		C3A8A7CE1F93ED99001510A2 /* string.h */ = {isa = PBXFileReference; lastKnownFileType = sourcecode.c.h; name = string.h; path = ../../src/utils/string.h; sourceTree = "<group>"; };
		C3BA3CA71F131AC30049C652 /* main.cc */ = {isa = PBXFileReference; fileEncoding = 4; lastKnownFileType = sourcecode.cpp.cpp; name = main.cc; path = ../../src/main.cc; sourceTree = "<group>"; };
		C3BA3CA91F131AD00049C652 /* container.cc */ = {isa = PBXFileReference; fileEncoding = 4; lastKnownFileType = sourcecode.cpp.cpp; name = container.cc; path = "../../src/mach-o/container.cc"; sourceTree = "<group>"; };
		C3BA3CAB1F131AD00049C652 /* file.cc */ = {isa = PBXFileReference; fileEncoding = 4; lastKnownFileType = sourcecode.cpp.cpp; name = file.cc; path = "../../src/mach-o/file.cc"; sourceTree = "<group>"; };
		C3BA3CAC1F131AD00049C652 /* container.h */ = {isa = PBXFileReference; fileEncoding = 4; lastKnownFileType = sourcecode.c.h; name = container.h; path = "../../src/mach-o/container.h"; sourceTree = "<group>"; };
		C3D027021F1AE88100BAA510 /* README.md */ = {isa = PBXFileReference; lastKnownFileType = net.daringfireball.markdown; name = README.md; path = ../../README.md; sourceTree = "<group>"; };
		C3DB912A1F10F20C00A7C2E7 /* file.h */ = {isa = PBXFileReference; fileEncoding = 4; lastKnownFileType = sourcecode.c.h; name = file.h; path = "../../src/mach-o/file.h"; sourceTree = "<group>"; };
		C3E4A8A31F801EAC00A6A4E4 /* bits.cc */ = {isa = PBXFileReference; lastKnownFileType = sourcecode.cpp.cpp; name = bits.cc; path = ../../src/misc/bits.cc; sourceTree = "<group>"; };
		C3E4A8A51F801EB400A6A4E4 /* bits.h */ = {isa = PBXFileReference; lastKnownFileType = sourcecode.c.h; name = bits.h; path = ../../src/misc/bits.h; sourceTree = "<group>"; };
		C3E4A8A61F80281300A6A4E4 /* flags.h */ = {isa = PBXFileReference; lastKnownFileType = sourcecode.c.h; name = flags.h; path = "../../src/mach-o/headers/flags.h"; sourceTree = "<group>"; };
		C3FB674B1F4339470025EB0A /* image_info.h */ = {isa = PBXFileReference; lastKnownFileType = sourcecode.c.h; name = image_info.h; path = ../../src/objc/image_info.h; sourceTree = "<group>"; };
/* End PBXFileReference section */

/* Begin PBXFrameworksBuildPhase section */
		C32A7A9C1F10E5DA000BF14E /* Frameworks */ = {
			isa = PBXFrameworksBuildPhase;
			buildActionMask = 2147483647;
			files = (
			);
			runOnlyForDeploymentPostprocessing = 0;
		};
/* End PBXFrameworksBuildPhase section */

/* Begin PBXGroup section */
		C32A7A961F10E5DA000BF14E = {
			isa = PBXGroup;
			children = (
				C32A7AA91F10E600000BF14E /* src */,
				C38254B51F93CD820084CFCE /* Makefile */,
				C3A45E4E1F804E4800FC649E /* compile_commands.json */,
				C3D027021F1AE88100BAA510 /* README.md */,
				C32A7AA01F10E5DA000BF14E /* Products */,
			);
			sourceTree = "<group>";
		};
		C32A7AA01F10E5DA000BF14E /* Products */ = {
			isa = PBXGroup;
			children = (
				C32A7A9F1F10E5DA000BF14E /* tbd */,
			);
			name = Products;
			sourceTree = "<group>";
		};
		C32A7AA91F10E600000BF14E /* src */ = {
			isa = PBXGroup;
			children = (
				C32A7AAC1F10E611000BF14E /* mach-o */,
				C3E269DF1F3FA92F005ED144 /* misc */,
				C3FB674A1F4338BC0025EB0A /* objc */,
				C34E38B81F93DBF60078F554 /* utils */,
				C3BA3CA71F131AC30049C652 /* main.cc */,
			);
			name = src;
			sourceTree = "<group>";
		};
		C32A7AAC1F10E611000BF14E /* mach-o */ = {
			isa = PBXGroup;
			children = (
				C331314C1F23D0AD0031B4BD /* architecture_info.h */,
				C331314D1F23D0AD0031B4BD /* architecture_info.cc */,
				C33131421F23D07B0031B4BD /* headers */,
				C3DB912A1F10F20C00A7C2E7 /* file.h */,
				C3BA3CAB1F131AD00049C652 /* file.cc */,
				C3BA3CAC1F131AD00049C652 /* container.h */,
				C3BA3CA91F131AD00049C652 /* container.cc */,
				C331313E1F23D0680031B4BD /* swap.h */,
				C331313F1F23D0680031B4BD /* swap.cc */,
				C33DD93F1F79C8B3003C1FFC /* utils */,
			);
			name = "mach-o";
			sourceTree = "<group>";
		};
		C33131421F23D07B0031B4BD /* headers */ = {
			isa = PBXGroup;
			children = (
				C33CE0BD1F33423000E738EA /* architecture.h */,
				C33CE0C21F3342E000E738EA /* build.h */,
				C33CE0BF1F33423000E738EA /* cputype.h */,
				C33CE0BA1F33423000E738EA /* cputype.cc */,
				C33CE0BC1F33423000E738EA /* filetype.h */,
				C3E4A8A61F80281300A6A4E4 /* flags.h */,
				C33CE0C01F33423000E738EA /* header.h */,
				C33CE0B91F33423000E738EA /* load_commands.h */,
				C33CE0BE1F33423000E738EA /* magic.h */,
				C33CE0BB1F33423000E738EA /* symbol_table.h */,
			);
			name = headers;
			sourceTree = "<group>";
		};
		C33DD93F1F79C8B3003C1FFC /* utils */ = {
			isa = PBXGroup;
			children = (
				C33DD9401F79C8C7003C1FFC /* tbd */,
			);
			name = utils;
			sourceTree = "<group>";
		};
		C33DD9401F79C8C7003C1FFC /* tbd */ = {
			isa = PBXGroup;
			children = (
				C33DD9451F79C934003C1FFC /* tbd.h */,
				C33DD9431F79C924003C1FFC /* tbd.cc */,
			);
			name = tbd;
			sourceTree = "<group>";
		};
		C34E38B81F93DBF60078F554 /* utils */ = {
			isa = PBXGroup;
			children = (
				C34E38BB1F93DE6C0078F554 /* path.h */,
				C34E38B91F93DE620078F554 /* path.cc */,
				C3A8A7CE1F93ED99001510A2 /* string.h */,
				C3A8A7CD1F93ED99001510A2 /* string.cc */,
			);
			name = utils;
			sourceTree = "<group>";
		};
		C3E269DF1F3FA92F005ED144 /* misc */ = {
			isa = PBXGroup;
			children = (
				C3E4A8A51F801EB400A6A4E4 /* bits.h */,
				C3E4A8A31F801EAC00A6A4E4 /* bits.cc */,
				C31620AD1F50F575005A67A7 /* recurse.h */,
				C31620AC1F50F575005A67A7 /* recurse.cc */,
				C322B18B1F88C270009B10F9 /* recursively.h */,
				C322B1891F88C265009B10F9 /* recursively.cc */,
			);
			name = misc;
			sourceTree = "<group>";
		};
		C3FB674A1F4338BC0025EB0A /* objc */ = {
			isa = PBXGroup;
			children = (
				C3FB674B1F4339470025EB0A /* image_info.h */,
			);
			name = objc;
			sourceTree = "<group>";
		};
/* End PBXGroup section */

/* Begin PBXNativeTarget section */
		C32A7A9E1F10E5DA000BF14E /* tbd */ = {
			isa = PBXNativeTarget;
			buildConfigurationList = C32A7AA61F10E5DA000BF14E /* Build configuration list for PBXNativeTarget "tbd" */;
			buildPhases = (
				C32A7A9B1F10E5DA000BF14E /* Sources */,
				C32A7A9C1F10E5DA000BF14E /* Frameworks */,
				C32A7A9D1F10E5DA000BF14E /* CopyFiles */,
			);
			buildRules = (
			);
			dependencies = (
			);
			name = tbd;
			productName = tbd;
			productReference = C32A7A9F1F10E5DA000BF14E /* tbd */;
			productType = "com.apple.product-type.tool";
		};
/* End PBXNativeTarget section */

/* Begin PBXProject section */
		C32A7A971F10E5DA000BF14E /* Project object */ = {
			isa = PBXProject;
			attributes = {
				LastUpgradeCheck = 0910;
				ORGANIZATIONNAME = inoahdev;
				TargetAttributes = {
					C32A7A9E1F10E5DA000BF14E = {
						CreatedOnToolsVersion = 9.0;
					};
				};
			};
			buildConfigurationList = C32A7A9A1F10E5DA000BF14E /* Build configuration list for PBXProject "tbd" */;
			compatibilityVersion = "Xcode 8.0";
			developmentRegion = en;
			hasScannedForEncodings = 0;
			knownRegions = (
				en,
			);
			mainGroup = C32A7A961F10E5DA000BF14E;
			productRefGroup = C32A7AA01F10E5DA000BF14E /* Products */;
			projectDirPath = "";
			projectRoot = "";
			targets = (
				C32A7A9E1F10E5DA000BF14E /* tbd */,
			);
		};
/* End PBXProject section */

/* Begin PBXSourcesBuildPhase section */
		C32A7A9B1F10E5DA000BF14E /* Sources */ = {
			isa = PBXSourcesBuildPhase;
			buildActionMask = 2147483647;
			files = (
				C34E38BA1F93DE630078F554 /* path.cc in Sources */,
				C322B18A1F88C265009B10F9 /* recursively.cc in Sources */,
				C3E4A8A41F801EAC00A6A4E4 /* bits.cc in Sources */,
				C33DD9441F79C924003C1FFC /* tbd.cc in Sources */,
				C3BA3CAD1F131AD00049C652 /* container.cc in Sources */,
				C331314E1F23D0AD0031B4BD /* architecture_info.cc in Sources */,
				C3A8A7CF1F93ED99001510A2 /* string.cc in Sources */,
				C3BA3CAE1F131AD00049C652 /* file.cc in Sources */,
				C3BA3CA81F131AC30049C652 /* main.cc in Sources */,
				C33131401F23D0680031B4BD /* swap.cc in Sources */,
				C33CE0C11F33423000E738EA /* cputype.cc in Sources */,
				C31620AE1F50F575005A67A7 /* recurse.cc in Sources */,
			);
			runOnlyForDeploymentPostprocessing = 0;
		};
/* End PBXSourcesBuildPhase section */

/* Begin XCBuildConfiguration section */
		C32A7AA41F10E5DA000BF14E /* Debug */ = {
			isa = XCBuildConfiguration;
			buildSettings = {
				ALWAYS_SEARCH_USER_PATHS = NO;
				CLANG_ANALYZER_NONNULL = YES;
				CLANG_ANALYZER_NUMBER_OBJECT_CONVERSION = YES_AGGRESSIVE;
				CLANG_CXX_LANGUAGE_STANDARD = "gnu++14";
				CLANG_CXX_LIBRARY = "libc++";
				CLANG_ENABLE_MODULES = YES;
				CLANG_ENABLE_OBJC_ARC = YES;
				CLANG_WARN_BLOCK_CAPTURE_AUTORELEASING = YES;
				CLANG_WARN_BOOL_CONVERSION = YES;
				CLANG_WARN_COMMA = YES;
				CLANG_WARN_CONSTANT_CONVERSION = YES;
				CLANG_WARN_DIRECT_OBJC_ISA_USAGE = YES_ERROR;
				CLANG_WARN_DOCUMENTATION_COMMENTS = YES;
				CLANG_WARN_EMPTY_BODY = YES;
				CLANG_WARN_ENUM_CONVERSION = YES;
				CLANG_WARN_INFINITE_RECURSION = YES;
				CLANG_WARN_INT_CONVERSION = YES;
				CLANG_WARN_NON_LITERAL_NULL_CONVERSION = YES;
				CLANG_WARN_OBJC_LITERAL_CONVERSION = YES;
				CLANG_WARN_OBJC_ROOT_CLASS = YES_ERROR;
				CLANG_WARN_RANGE_LOOP_ANALYSIS = YES;
				CLANG_WARN_STRICT_PROTOTYPES = YES;
				CLANG_WARN_SUSPICIOUS_MOVE = YES;
				CLANG_WARN_UNGUARDED_AVAILABILITY = YES_AGGRESSIVE;
				CLANG_WARN_UNREACHABLE_CODE = YES;
				CLANG_WARN__DUPLICATE_METHOD_MATCH = YES;
				CODE_SIGN_IDENTITY = "-";
				COPY_PHASE_STRIP = NO;
				DEBUG_INFORMATION_FORMAT = dwarf;
				ENABLE_STRICT_OBJC_MSGSEND = YES;
				ENABLE_TESTABILITY = YES;
				GCC_C_LANGUAGE_STANDARD = gnu11;
				GCC_DYNAMIC_NO_PIC = NO;
				GCC_NO_COMMON_BLOCKS = YES;
				GCC_OPTIMIZATION_LEVEL = 0;
				GCC_PREPROCESSOR_DEFINITIONS = (
					"DEBUG=1",
					"$(inherited)",
				);
				GCC_WARN_64_TO_32_BIT_CONVERSION = YES;
				GCC_WARN_ABOUT_RETURN_TYPE = YES_ERROR;
				GCC_WARN_UNDECLARED_SELECTOR = YES;
				GCC_WARN_UNINITIALIZED_AUTOS = YES_AGGRESSIVE;
				GCC_WARN_UNUSED_FUNCTION = YES;
				GCC_WARN_UNUSED_VARIABLE = YES;
				MACOSX_DEPLOYMENT_TARGET = 10.12;
				MTL_ENABLE_DEBUG_INFO = YES;
				ONLY_ACTIVE_ARCH = YES;
				SDKROOT = macosx;
			};
			name = Debug;
		};
		C32A7AA51F10E5DA000BF14E /* Release */ = {
			isa = XCBuildConfiguration;
			buildSettings = {
				ALWAYS_SEARCH_USER_PATHS = NO;
				CLANG_ANALYZER_NONNULL = YES;
				CLANG_ANALYZER_NUMBER_OBJECT_CONVERSION = YES_AGGRESSIVE;
				CLANG_CXX_LANGUAGE_STANDARD = "gnu++14";
				CLANG_CXX_LIBRARY = "libc++";
				CLANG_ENABLE_MODULES = YES;
				CLANG_ENABLE_OBJC_ARC = YES;
				CLANG_WARN_BLOCK_CAPTURE_AUTORELEASING = YES;
				CLANG_WARN_BOOL_CONVERSION = YES;
				CLANG_WARN_COMMA = YES;
				CLANG_WARN_CONSTANT_CONVERSION = YES;
				CLANG_WARN_DIRECT_OBJC_ISA_USAGE = YES_ERROR;
				CLANG_WARN_DOCUMENTATION_COMMENTS = YES;
				CLANG_WARN_EMPTY_BODY = YES;
				CLANG_WARN_ENUM_CONVERSION = YES;
				CLANG_WARN_INFINITE_RECURSION = YES;
				CLANG_WARN_INT_CONVERSION = YES;
				CLANG_WARN_NON_LITERAL_NULL_CONVERSION = YES;
				CLANG_WARN_OBJC_LITERAL_CONVERSION = YES;
				CLANG_WARN_OBJC_ROOT_CLASS = YES_ERROR;
				CLANG_WARN_RANGE_LOOP_ANALYSIS = YES;
				CLANG_WARN_STRICT_PROTOTYPES = YES;
				CLANG_WARN_SUSPICIOUS_MOVE = YES;
				CLANG_WARN_UNGUARDED_AVAILABILITY = YES_AGGRESSIVE;
				CLANG_WARN_UNREACHABLE_CODE = YES;
				CLANG_WARN__DUPLICATE_METHOD_MATCH = YES;
				CODE_SIGN_IDENTITY = "-";
				COPY_PHASE_STRIP = NO;
				DEBUG_INFORMATION_FORMAT = "dwarf-with-dsym";
				ENABLE_NS_ASSERTIONS = NO;
				ENABLE_STRICT_OBJC_MSGSEND = YES;
				GCC_C_LANGUAGE_STANDARD = gnu11;
				GCC_NO_COMMON_BLOCKS = YES;
				GCC_WARN_64_TO_32_BIT_CONVERSION = YES;
				GCC_WARN_ABOUT_RETURN_TYPE = YES_ERROR;
				GCC_WARN_UNDECLARED_SELECTOR = YES;
				GCC_WARN_UNINITIALIZED_AUTOS = YES_AGGRESSIVE;
				GCC_WARN_UNUSED_FUNCTION = YES;
				GCC_WARN_UNUSED_VARIABLE = YES;
				MACOSX_DEPLOYMENT_TARGET = 10.12;
				MTL_ENABLE_DEBUG_INFO = NO;
				SDKROOT = macosx;
			};
			name = Release;
		};
		C32A7AA71F10E5DA000BF14E /* Debug */ = {
			isa = XCBuildConfiguration;
			buildSettings = {
				CLANG_CXX_LANGUAGE_STANDARD = "c++17";
				PRODUCT_NAME = "$(TARGET_NAME)";
			};
			name = Debug;
		};
		C32A7AA81F10E5DA000BF14E /* Release */ = {
			isa = XCBuildConfiguration;
			buildSettings = {
				CLANG_CXX_LANGUAGE_STANDARD = "c++17";
				GCC_OPTIMIZATION_LEVEL = fast;
				PRODUCT_NAME = "$(TARGET_NAME)";
			};
			name = Release;
		};
/* End XCBuildConfiguration section */

/* Begin XCConfigurationList section */
		C32A7A9A1F10E5DA000BF14E /* Build configuration list for PBXProject "tbd" */ = {
			isa = XCConfigurationList;
			buildConfigurations = (
				C32A7AA41F10E5DA000BF14E /* Debug */,
				C32A7AA51F10E5DA000BF14E /* Release */,
			);
			defaultConfigurationIsVisible = 0;
			defaultConfigurationName = Release;
		};
		C32A7AA61F10E5DA000BF14E /* Build configuration list for PBXNativeTarget "tbd" */ = {
			isa = XCConfigurationList;
			buildConfigurations = (
				C32A7AA71F10E5DA000BF14E /* Debug */,
				C32A7AA81F10E5DA000BF14E /* Release */,
			);
			defaultConfigurationIsVisible = 0;
			defaultConfigurationName = Release;
		};
/* End XCConfigurationList section */
	};
	rootObject = C32A7A971F10E5DA000BF14E /* Project object */;
}
